
Microsoft Visual Studio Solution File, Format Version 12.00
# Visual Studio 15
VisualStudioVersion = 15.0.28307.645
MinimumVisualStudioVersion = 10.0.40219.1
Project("{2150E333-8FDC-42A3-9474-1A3956D46DE8}") = "Sample", "Sample", "{C7EC94D8-7063-4CFB-B30A-9D82630E87A6}"
	ProjectSection(SolutionItems) = preProject
		readme.txt = readme.txt
	EndProjectSection
EndProject
Project("{2150E333-8FDC-42A3-9474-1A3956D46DE8}") = "UserCenter", "UserCenter", "{4756479B-8B80-4826-BCD5-E0BC3AA02025}"
EndProject
Project("{2150E333-8FDC-42A3-9474-1A3956D46DE8}") = "IdentityServer", "IdentityServer", "{314135E7-0D3E-4869-ADD8-C7733156F1D7}"
EndProject
Project("{2150E333-8FDC-42A3-9474-1A3956D46DE8}") = "ClientCredentialGrant", "ClientCredentialGrant", "{94821F6F-212A-4280-8804-4B91507D2BFC}"
	ProjectSection(SolutionItems) = preProject
		readme.md = readme.md
	EndProjectSection
EndProject
Project("{9A19103F-16F7-4668-BE54-9A1E7A4F7556}") = "IdentityServerCenter", "IdentityServerCenter\IdentityServerCenter.csproj", "{616CEBE2-C245-4C00-94F5-7E7A4C56557F}"
EndProject
Project("{9A19103F-16F7-4668-BE54-9A1E7A4F7556}") = "ClientCredentialApi", "ClientCredentialApi\ClientCredentialApi.csproj", "{B4EB6AA4-5C88-43E1-ACC8-9B217FBCD188}"
EndProject
Project("{9A19103F-16F7-4668-BE54-9A1E7A4F7556}") = "ThirdPartyClient", "ThirdPartyClient\ThirdPartyClient.csproj", "{40DEC47A-4D52-41F8-8777-9036FFB10AFD}"
EndProject
Project("{2150E333-8FDC-42A3-9474-1A3956D46DE8}") = "ResourceOwnerPasswordCredentials", "ResourceOwnerPasswordCredentials", "{2CFEDFC3-6BA2-40EF-B76C-00F02D41F27D}"
EndProject
Project("{9A19103F-16F7-4668-BE54-9A1E7A4F7556}") = "PwdClient", "PwdClient\PwdClient.csproj", "{1F45C3DD-E54A-4CE5-AD17-2313D2FD17B2}"
EndProject
Project("{2150E333-8FDC-42A3-9474-1A3956D46DE8}") = "Implicit", "Implicit", "{459957F3-B8E4-48BA-A759-4AC58AF101B5}"
EndProject
Project("{9A19103F-16F7-4668-BE54-9A1E7A4F7556}") = "AspNetCoreMvcAuthSample", "AspNetCoreMvcAuthSample\AspNetCoreMvcAuthSample.csproj", "{DD54E46B-2133-41C1-A002-1541BC619DD4}"
EndProject
Project("{9A19103F-16F7-4668-BE54-9A1E7A4F7556}") = "MVCClient", "MVCClient\MVCClient.csproj", "{FE666FD9-9FE7-4B8E-A694-C55EBB448D86}"
EndProject
Project("{2150E333-8FDC-42A3-9474-1A3956D46DE8}") = "Hybrid", "Hybrid", "{671BF865-C6A0-41BA-8093-DD65A044566A}"
EndProject
Project("{9A19103F-16F7-4668-BE54-9A1E7A4F7556}") = "HybridModeAuthSample", "HybridModeAuthSample\HybridModeAuthSample.csproj", "{F2B4427F-33E0-4720-BF4D-E14304A8A61B}"
EndProject
Project("{FAE04EC0-301F-11D3-BF4B-00C04F79EFBC}") = "HybridModeClient", "HybridModeClient\HybridModeClient.csproj", "{580E3552-3BDF-443F-8D8E-8F136477FFFA}"
EndProject
Project("{FAE04EC0-301F-11D3-BF4B-00C04F79EFBC}") = "Api1", "Api1\Api1.csproj", "{632141B8-9218-4EEC-A6B4-2D151EE65508}"
EndProject
Global
	GlobalSection(SolutionConfigurationPlatforms) = preSolution
		Debug|Any CPU = Debug|Any CPU
		Release|Any CPU = Release|Any CPU
	EndGlobalSection
	GlobalSection(ProjectConfigurationPlatforms) = postSolution
		{616CEBE2-C245-4C00-94F5-7E7A4C56557F}.Debug|Any CPU.ActiveCfg = Debug|Any CPU
		{616CEBE2-C245-4C00-94F5-7E7A4C56557F}.Debug|Any CPU.Build.0 = Debug|Any CPU
		{616CEBE2-C245-4C00-94F5-7E7A4C56557F}.Release|Any CPU.ActiveCfg = Release|Any CPU
		{616CEBE2-C245-4C00-94F5-7E7A4C56557F}.Release|Any CPU.Build.0 = Release|Any CPU
		{B4EB6AA4-5C88-43E1-ACC8-9B217FBCD188}.Debug|Any CPU.ActiveCfg = Debug|Any CPU
		{B4EB6AA4-5C88-43E1-ACC8-9B217FBCD188}.Debug|Any CPU.Build.0 = Debug|Any CPU
		{B4EB6AA4-5C88-43E1-ACC8-9B217FBCD188}.Release|Any CPU.ActiveCfg = Release|Any CPU
		{B4EB6AA4-5C88-43E1-ACC8-9B217FBCD188}.Release|Any CPU.Build.0 = Release|Any CPU
		{40DEC47A-4D52-41F8-8777-9036FFB10AFD}.Debug|Any CPU.ActiveCfg = Debug|Any CPU
		{40DEC47A-4D52-41F8-8777-9036FFB10AFD}.Debug|Any CPU.Build.0 = Debug|Any CPU
		{40DEC47A-4D52-41F8-8777-9036FFB10AFD}.Release|Any CPU.ActiveCfg = Release|Any CPU
		{40DEC47A-4D52-41F8-8777-9036FFB10AFD}.Release|Any CPU.Build.0 = Release|Any CPU
		{1F45C3DD-E54A-4CE5-AD17-2313D2FD17B2}.Debug|Any CPU.ActiveCfg = Debug|Any CPU
		{1F45C3DD-E54A-4CE5-AD17-2313D2FD17B2}.Debug|Any CPU.Build.0 = Debug|Any CPU
		{1F45C3DD-E54A-4CE5-AD17-2313D2FD17B2}.Release|Any CPU.ActiveCfg = Release|Any CPU
		{1F45C3DD-E54A-4CE5-AD17-2313D2FD17B2}.Release|Any CPU.Build.0 = Release|Any CPU
		{DD54E46B-2133-41C1-A002-1541BC619DD4}.Debug|Any CPU.ActiveCfg = Debug|Any CPU
		{DD54E46B-2133-41C1-A002-1541BC619DD4}.Debug|Any CPU.Build.0 = Debug|Any CPU
		{DD54E46B-2133-41C1-A002-1541BC619DD4}.Release|Any CPU.ActiveCfg = Release|Any CPU
		{DD54E46B-2133-41C1-A002-1541BC619DD4}.Release|Any CPU.Build.0 = Release|Any CPU
		{FE666FD9-9FE7-4B8E-A694-C55EBB448D86}.Debug|Any CPU.ActiveCfg = Debug|Any CPU
		{FE666FD9-9FE7-4B8E-A694-C55EBB448D86}.Debug|Any CPU.Build.0 = Debug|Any CPU
		{FE666FD9-9FE7-4B8E-A694-C55EBB448D86}.Release|Any CPU.ActiveCfg = Release|Any CPU
		{FE666FD9-9FE7-4B8E-A694-C55EBB448D86}.Release|Any CPU.Build.0 = Release|Any CPU
		{F2B4427F-33E0-4720-BF4D-E14304A8A61B}.Debug|Any CPU.ActiveCfg = Debug|Any CPU
		{F2B4427F-33E0-4720-BF4D-E14304A8A61B}.Debug|Any CPU.Build.0 = Debug|Any CPU
		{F2B4427F-33E0-4720-BF4D-E14304A8A61B}.Release|Any CPU.ActiveCfg = Release|Any CPU
		{F2B4427F-33E0-4720-BF4D-E14304A8A61B}.Release|Any CPU.Build.0 = Release|Any CPU
		{580E3552-3BDF-443F-8D8E-8F136477FFFA}.Debug|Any CPU.ActiveCfg = Debug|Any CPU
		{580E3552-3BDF-443F-8D8E-8F136477FFFA}.Debug|Any CPU.Build.0 = Debug|Any CPU
		{580E3552-3BDF-443F-8D8E-8F136477FFFA}.Release|Any CPU.ActiveCfg = Release|Any CPU
		{580E3552-3BDF-443F-8D8E-8F136477FFFA}.Release|Any CPU.Build.0 = Release|Any CPU
		{632141B8-9218-4EEC-A6B4-2D151EE65508}.Debug|Any CPU.ActiveCfg = Debug|Any CPU
		{632141B8-9218-4EEC-A6B4-2D151EE65508}.Debug|Any CPU.Build.0 = Debug|Any CPU
		{632141B8-9218-4EEC-A6B4-2D151EE65508}.Release|Any CPU.ActiveCfg = Release|Any CPU
		{632141B8-9218-4EEC-A6B4-2D151EE65508}.Release|Any CPU.Build.0 = Release|Any CPU
	EndGlobalSection
	GlobalSection(SolutionProperties) = preSolution
		HideSolutionNode = FALSE
	EndGlobalSection
	GlobalSection(NestedProjects) = preSolution
		{314135E7-0D3E-4869-ADD8-C7733156F1D7} = {C7EC94D8-7063-4CFB-B30A-9D82630E87A6}
		{94821F6F-212A-4280-8804-4B91507D2BFC} = {314135E7-0D3E-4869-ADD8-C7733156F1D7}
		{616CEBE2-C245-4C00-94F5-7E7A4C56557F} = {314135E7-0D3E-4869-ADD8-C7733156F1D7}
		{B4EB6AA4-5C88-43E1-ACC8-9B217FBCD188} = {314135E7-0D3E-4869-ADD8-C7733156F1D7}
		{40DEC47A-4D52-41F8-8777-9036FFB10AFD} = {94821F6F-212A-4280-8804-4B91507D2BFC}
		{2CFEDFC3-6BA2-40EF-B76C-00F02D41F27D} = {314135E7-0D3E-4869-ADD8-C7733156F1D7}
		{1F45C3DD-E54A-4CE5-AD17-2313D2FD17B2} = {2CFEDFC3-6BA2-40EF-B76C-00F02D41F27D}
		{459957F3-B8E4-48BA-A759-4AC58AF101B5} = {314135E7-0D3E-4869-ADD8-C7733156F1D7}
		{DD54E46B-2133-41C1-A002-1541BC619DD4} = {459957F3-B8E4-48BA-A759-4AC58AF101B5}
		{FE666FD9-9FE7-4B8E-A694-C55EBB448D86} = {459957F3-B8E4-48BA-A759-4AC58AF101B5}
		{671BF865-C6A0-41BA-8093-DD65A044566A} = {314135E7-0D3E-4869-ADD8-C7733156F1D7}
		{F2B4427F-33E0-4720-BF4D-E14304A8A61B} = {671BF865-C6A0-41BA-8093-DD65A044566A}
		{580E3552-3BDF-443F-8D8E-8F136477FFFA} = {671BF865-C6A0-41BA-8093-DD65A044566A}
		{632141B8-9218-4EEC-A6B4-2D151EE65508} = {671BF865-C6A0-41BA-8093-DD65A044566A}
	EndGlobalSection
	GlobalSection(ExtensibilityGlobals) = postSolution
		SolutionGuid = {2D00BF4F-9CDD-4A6C-9D8B-79666F0972C5}
	EndGlobalSection
EndGlobal
